
Microsoft Visual Studio Solution File, Format Version 12.00
# Visual Studio Version 17
VisualStudioVersion = 17.9.34701.34
MinimumVisualStudioVersion = 10.0.40219.1
Project("{FAE04EC0-301F-11D3-BF4B-00C04F79EFBC}") = "FirstProject", "FirstProject\FirstProject.csproj", "{C320E372-03F5-457E-970F-1E775AA956D0}"
EndProject
Global
	GlobalSection(SolutionConfigurationPlatforms) = preSolution
		Debug|Any CPU = Debug|Any CPU
		Release|Any CPU = Release|Any CPU
	EndGlobalSection
	GlobalSection(ProjectConfigurationPlatforms) = postSolution
		{C320E372-03F5-457E-970F-1E775AA956D0}.Debug|Any CPU.ActiveCfg = Debug|Any CPU
		{C320E372-03F5-457E-970F-1E775AA956D0}.Debug|Any CPU.Build.0 = Debug|Any CPU
		{C320E372-03F5-457E-970F-1E775AA956D0}.Release|Any CPU.ActiveCfg = Release|Any CPU
		{C320E372-03F5-457E-970F-1E775AA956D0}.Release|Any CPU.Build.0 = Release|Any CPU
	EndGlobalSection
	GlobalSection(SolutionProperties) = preSolution
		HideSolutionNode = FALSE
	EndGlobalSection
	GlobalSection(ExtensibilityGlobals) = postSolution
		SolutionGuid = {155FE651-635D-4245-BEDF-26A7A46EE0CE}
	EndGlobalSection
EndGlobal
